
Microsoft Visual Studio Solution File, Format Version 11.00
# Visual Studio 2010
Project("{FAE04EC0-301F-11D3-BF4B-00C04F79EFBC}") = "MJLFO_v2_0", "MJLFO_v2_0\MJLFO_v2_0.csproj", "{113CDFD0-1F9B-49BF-8D9B-8D4614D2C47E}"
EndProject
Global
	GlobalSection(SolutionConfigurationPlatforms) = preSolution
		Debug|Any CPU = Debug|Any CPU
		Debug|x86 = Debug|x86
		Release|Any CPU = Release|Any CPU
		Release|x86 = Release|x86
	EndGlobalSection
	GlobalSection(ProjectConfigurationPlatforms) = postSolution
		{113CDFD0-1F9B-49BF-8D9B-8D4614D2C47E}.Debug|Any CPU.ActiveCfg = Debug|Any CPU
		{113CDFD0-1F9B-49BF-8D9B-8D4614D2C47E}.Debug|Any CPU.Build.0 = Debug|Any CPU
		{113CDFD0-1F9B-49BF-8D9B-8D4614D2C47E}.Debug|x86.ActiveCfg = Release|x86
		{113CDFD0-1F9B-49BF-8D9B-8D4614D2C47E}.Debug|x86.Build.0 = Release|x86
		{113CDFD0-1F9B-49BF-8D9B-8D4614D2C47E}.Release|Any CPU.ActiveCfg = Release|Any CPU
		{113CDFD0-1F9B-49BF-8D9B-8D4614D2C47E}.Release|Any CPU.Build.0 = Release|Any CPU
		{113CDFD0-1F9B-49BF-8D9B-8D4614D2C47E}.Release|x86.ActiveCfg = Release|x86
		{113CDFD0-1F9B-49BF-8D9B-8D4614D2C47E}.Release|x86.Build.0 = Release|x86
	EndGlobalSection
	GlobalSection(SolutionProperties) = preSolution
		HideSolutionNode = FALSE
	EndGlobalSection
EndGlobal
